
Microsoft Visual Studio Solution File, Format Version 12.00
# Visual Studio Version 17
VisualStudioVersion = 17.1.32210.238
MinimumVisualStudioVersion = 10.0.40219.1
Project("{FAE04EC0-301F-11D3-BF4B-00C04F79EFBC}") = "TestProject", "TestProject\TestProject.csproj", "{B7B725C0-C695-43E4-B950-D56FCD0B49D7}"
EndProject
Global
	GlobalSection(SolutionConfigurationPlatforms) = preSolution
		Debug|Any CPU = Debug|Any CPU
		Release|Any CPU = Release|Any CPU
	EndGlobalSection
	GlobalSection(ProjectConfigurationPlatforms) = postSolution
		{B7B725C0-C695-43E4-B950-D56FCD0B49D7}.Debug|Any CPU.ActiveCfg = Debug|Any CPU
		{B7B725C0-C695-43E4-B950-D56FCD0B49D7}.Debug|Any CPU.Build.0 = Debug|Any CPU
		{B7B725C0-C695-43E4-B950-D56FCD0B49D7}.Release|Any CPU.ActiveCfg = Release|Any CPU
		{B7B725C0-C695-43E4-B950-D56FCD0B49D7}.Release|Any CPU.Build.0 = Release|Any CPU
	EndGlobalSection
	GlobalSection(SolutionProperties) = preSolution
		HideSolutionNode = FALSE
	EndGlobalSection
	GlobalSection(ExtensibilityGlobals) = postSolution
		SolutionGuid = {D312D577-8300-4CC2-937D-5EF30FC9293F}
	EndGlobalSection
EndGlobal
